<?xml version="1.0" encoding="utf-8"?>
<Project ToolsVersion="4.0" xmlns="http://schemas.microsoft.com/developer/msbuild/2003">
  <ItemGroup>
    <Filter Include="Исходные файлы">
      <UniqueIdentifier>{4FC737F1-C7A5-4376-A066-2A32D752A2FF}</UniqueIdentifier>
      <Extensions>cpp;c;cc;cxx;c++;cppm;ixx;def;odl;idl;hpj;bat;asm;asmx</Extensions>
    </Filter>
    <Filter Include="Файлы заголовков">
      <UniqueIdentifier>{93995380-89BD-4b04-88EB-625FBE52EBFB}</UniqueIdentifier>
      <Extensions>h;hh;hpp;hxx;h++;hm;inl;inc;ipp;xsd</Extensions>
    </Filter>
    <Filter Include="Файлы ресурсов">
      <UniqueIdentifier>{67DA6AB6-F800-4c08-8B7A-83BB121AAD01}</UniqueIdentifier>
      <Extensions>rc;ico;cur;bmp;dlg;rc2;rct;bin;rgs;gif;jpg;jpeg;jpe;resx;tiff;tif;png;wav;mfcribbon-ms</Extensions>
    </Filter>
    <Filter Include="Файлы ресурсов\Shaders">
      <UniqueIdentifier>{6c279df4-3011-4aa1-a507-1b26318e8b17}</UniqueIdentifier>
    </Filter>
    <Filter Include="Исходные файлы\OpenGL">
      <UniqueIdentifier>{f5c51069-f7db-4d25-a692-10a41d473999}</UniqueIdentifier>
    </Filter>
    <Filter Include="Файлы заголовков\OpenGL">
      <UniqueIdentifier>{83093814-e61e-43b2-a2a8-0256ecb8dcfb}</UniqueIdentifier>
    </Filter>
    <Filter Include="Исходные файлы\Pendulum">
      <UniqueIdentifier>{7cdffc34-93c0-47f6-9eee-d7388d65df68}</UniqueIdentifier>
    </Filter>
    <Filter Include="Файлы заголовков\Pendulum">
      <UniqueIdentifier>{740005b1-116e-4130-95b4-53b5a2e07e45}</UniqueIdentifier>
    </Filter>
    <Filter Include="Исходные файлы\Solver">
      <UniqueIdentifier>{0655b998-7fb9-4e6b-a6b4-fe7e6cf50e5c}</UniqueIdentifier>
    </Filter>
    <Filter Include="Файлы заголовков\Solver">
      <UniqueIdentifier>{dcfb97a6-7fe0-4a40-948f-e3408e6c82e3}</UniqueIdentifier>
    </Filter>
  </ItemGroup>
  <ItemGroup>
    <ClCompile Include="glad.c">
      <Filter>Исходные файлы</Filter>
    </ClCompile>
    <ClCompile Include="main.cpp">
      <Filter>Исходные файлы</Filter>
    </ClCompile>
    <ClCompile Include="EBO.cpp">
      <Filter>Исходные файлы\OpenGL</Filter>
    </ClCompile>
    <ClCompile Include="ShaderClass.cpp">
      <Filter>Исходные файлы\OpenGL</Filter>
    </ClCompile>
    <ClCompile Include="VBO.cpp">
      <Filter>Исходные файлы\OpenGL</Filter>
    </ClCompile>
    <ClCompile Include="VAO.cpp">
      <Filter>Исходные файлы\OpenGL</Filter>
    </ClCompile>
    <ClCompile Include="Pendulum.cpp">
      <Filter>Исходные файлы\Pendulum</Filter>
    </ClCompile>
    <ClCompile Include="Solver.cpp">
      <Filter>Исходные файлы\Solver</Filter>
    </ClCompile>
  </ItemGroup>
  <ItemGroup>
    <None Include="default.vert">
      <Filter>Файлы ресурсов\Shaders</Filter>
    </None>
    <None Include="default.frag">
      <Filter>Файлы ресурсов\Shaders</Filter>
    </None>
  </ItemGroup>
  <ItemGroup>
    <ClInclude Include="EBO.h">
      <Filter>Файлы заголовков\OpenGL</Filter>
    </ClInclude>
    <ClInclude Include="ShaderClass.h">
      <Filter>Файлы заголовков\OpenGL</Filter>
    </ClInclude>
    <ClInclude Include="VAO.h">
      <Filter>Файлы заголовков\OpenGL</Filter>
    </ClInclude>
    <ClInclude Include="VBO.h">
      <Filter>Файлы заголовков\OpenGL</Filter>
    </ClInclude>
    <ClInclude Include="Pendulum.h">
      <Filter>Файлы заголовков\Pendulum</Filter>
    </ClInclude>
    <ClInclude Include="Solver.h">
      <Filter>Файлы заголовков\Solver</Filter>
    </ClInclude>
  </ItemGroup>
</Project>