
Microsoft Visual Studio Solution File, Format Version 12.00
# Visual Studio Version 17
VisualStudioVersion = 17.3.32825.248
MinimumVisualStudioVersion = 10.0.40219.1
Project("{8BC9CEB8-8B4A-11D0-8D11-00A0C91BC942}") = "PhysicalPendulum", "PhysicalPendulum.vcxproj", "{35C14DE1-D789-4F8F-A34F-96ECB2BAAF6D}"
EndProject
Global
	GlobalSection(SolutionConfigurationPlatforms) = preSolution
		Debug|x64 = Debug|x64
		Debug|x86 = Debug|x86
		Release|x64 = Release|x64
		Release|x86 = Release|x86
	EndGlobalSection
	GlobalSection(ProjectConfigurationPlatforms) = postSolution
		{35C14DE1-D789-4F8F-A34F-96ECB2BAAF6D}.Debug|x64.ActiveCfg = Debug|x64
		{35C14DE1-D789-4F8F-A34F-96ECB2BAAF6D}.Debug|x64.Build.0 = Debug|x64
		{35C14DE1-D789-4F8F-A34F-96ECB2BAAF6D}.Debug|x86.ActiveCfg = Debug|Win32
		{35C14DE1-D789-4F8F-A34F-96ECB2BAAF6D}.Debug|x86.Build.0 = Debug|Win32
		{35C14DE1-D789-4F8F-A34F-96ECB2BAAF6D}.Release|x64.ActiveCfg = Release|x64
		{35C14DE1-D789-4F8F-A34F-96ECB2BAAF6D}.Release|x64.Build.0 = Release|x64
		{35C14DE1-D789-4F8F-A34F-96ECB2BAAF6D}.Release|x86.ActiveCfg = Release|Win32
		{35C14DE1-D789-4F8F-A34F-96ECB2BAAF6D}.Release|x86.Build.0 = Release|Win32
	EndGlobalSection
	GlobalSection(SolutionProperties) = preSolution
		HideSolutionNode = FALSE
	EndGlobalSection
	GlobalSection(ExtensibilityGlobals) = postSolution
		SolutionGuid = {1FC96998-F1ED-41B0-874D-E87663C09B82}
	EndGlobalSection
EndGlobal
